// !$*UTF8*$!
{
	archiveVersion = 1;
	classes = {
	};
	objectVersion = 55;
	objects = {

/* Begin PBXBuildFile section */
		633A7610288EBA000046C8E8 /* SceneDelegate.swift in Sources */ = {isa = PBXBuildFile; fileRef = 633A760F288EBA000046C8E8 /* SceneDelegate.swift */; };
		633A7615288EBA000046C8E8 /* Main.storyboard in Resources */ = {isa = PBXBuildFile; fileRef = 633A7613288EBA000046C8E8 /* Main.storyboard */; };
		633A7617288EBA020046C8E8 /* Assets.xcassets in Resources */ = {isa = PBXBuildFile; fileRef = 633A7616288EBA020046C8E8 /* Assets.xcassets */; };
		633A761A288EBA020046C8E8 /* LaunchScreen.storyboard in Resources */ = {isa = PBXBuildFile; fileRef = 633A7618288EBA020046C8E8 /* LaunchScreen.storyboard */; };
		633A7626288EBA210046C8E8 /* BonusEffect.sks in Resources */ = {isa = PBXBuildFile; fileRef = 633A7622288EBA210046C8E8 /* BonusEffect.sks */; };
		633A7627288EBA210046C8E8 /* BubbleEffect.sks in Resources */ = {isa = PBXBuildFile; fileRef = 633A7623288EBA210046C8E8 /* BubbleEffect.sks */; };
		633A7628288EBA210046C8E8 /* WateringEffect.sks in Resources */ = {isa = PBXBuildFile; fileRef = 633A7624288EBA210046C8E8 /* WateringEffect.sks */; };
		633A7629288EBA210046C8E8 /* Assets.xcassets in Resources */ = {isa = PBXBuildFile; fileRef = 633A7625288EBA210046C8E8 /* Assets.xcassets */; };
		633A7630288EBA310046C8E8 /* waterDrop.wav in Resources */ = {isa = PBXBuildFile; fileRef = 633A762B288EBA300046C8E8 /* waterDrop.wav */; };
		633A7631288EBA310046C8E8 /* backgroundMusic.wav in Resources */ = {isa = PBXBuildFile; fileRef = 633A762C288EBA300046C8E8 /* backgroundMusic.wav */; };
		633A7632288EBA310046C8E8 /* popBubble.wav in Resources */ = {isa = PBXBuildFile; fileRef = 633A762D288EBA300046C8E8 /* popBubble.wav */; };
		633A7633288EBA310046C8E8 /* waterDrop1.wav in Resources */ = {isa = PBXBuildFile; fileRef = 633A762E288EBA300046C8E8 /* waterDrop1.wav */; };
		633A7634288EBA310046C8E8 /* coin_win_notification.wav in Resources */ = {isa = PBXBuildFile; fileRef = 633A762F288EBA310046C8E8 /* coin_win_notification.wav */; };
		633A7639288EBA460046C8E8 /* GameViewController.swift in Sources */ = {isa = PBXBuildFile; fileRef = 633A7636288EBA460046C8E8 /* GameViewController.swift */; };
		633A763A288EBA460046C8E8 /* StartViewController.swift in Sources */ = {isa = PBXBuildFile; fileRef = 633A7637288EBA460046C8E8 /* StartViewController.swift */; };
		633A763B288EBA460046C8E8 /* ShopViewController.swift in Sources */ = {isa = PBXBuildFile; fileRef = 633A7638288EBA460046C8E8 /* ShopViewController.swift */; };
		633A7645288EBA560046C8E8 /* SoundManager.swift in Sources */ = {isa = PBXBuildFile; fileRef = 633A763D288EBA560046C8E8 /* SoundManager.swift */; };
		633A7646288EBA560046C8E8 /* Mode.swift in Sources */ = {isa = PBXBuildFile; fileRef = 633A763E288EBA560046C8E8 /* Mode.swift */; };
		633A7647288EBA560046C8E8 /* TreeTheme.swift in Sources */ = {isa = PBXBuildFile; fileRef = 633A7640288EBA560046C8E8 /* TreeTheme.swift */; };
		633A7648288EBA560046C8E8 /* Coins.swift in Sources */ = {isa = PBXBuildFile; fileRef = 633A7641288EBA560046C8E8 /* Coins.swift */; };
		633A7649288EBA560046C8E8 /* BottleTheme.swift in Sources */ = {isa = PBXBuildFile; fileRef = 633A7642288EBA560046C8E8 /* BottleTheme.swift */; };
		633A764A288EBA560046C8E8 /* HighScore.swift in Sources */ = {isa = PBXBuildFile; fileRef = 633A7643288EBA560046C8E8 /* HighScore.swift */; };
		633A764B288EBA560046C8E8 /* Base.swift in Sources */ = {isa = PBXBuildFile; fileRef = 633A7644288EBA560046C8E8 /* Base.swift */; };
		633A7652288EBA610046C8E8 /* Bottle.swift in Sources */ = {isa = PBXBuildFile; fileRef = 633A764D288EBA610046C8E8 /* Bottle.swift */; };
		633A7653288EBA610046C8E8 /* ProgressBar.swift in Sources */ = {isa = PBXBuildFile; fileRef = 633A764E288EBA610046C8E8 /* ProgressBar.swift */; };
		633A7654288EBA610046C8E8 /* Textures.swift in Sources */ = {isa = PBXBuildFile; fileRef = 633A764F288EBA610046C8E8 /* Textures.swift */; };
		633A7655288EBA610046C8E8 /* Tree.swift in Sources */ = {isa = PBXBuildFile; fileRef = 633A7650288EBA610046C8E8 /* Tree.swift */; };
		633A7656288EBA610046C8E8 /* Drop.swift in Sources */ = {isa = PBXBuildFile; fileRef = 633A7651288EBA610046C8E8 /* Drop.swift */; };
		633A7658288FEA5B0046C8E8 /* GardensViewController.swift in Sources */ = {isa = PBXBuildFile; fileRef = 633A7657288FEA5B0046C8E8 /* GardensViewController.swift */; };
		633A765A288FEAA60046C8E8 /* InfoViewController.swift in Sources */ = {isa = PBXBuildFile; fileRef = 633A7659288FEAA60046C8E8 /* InfoViewController.swift */; };
		633A765C288FEB530046C8E8 /* FactoryViewController.swift in Sources */ = {isa = PBXBuildFile; fileRef = 633A765B288FEB530046C8E8 /* FactoryViewController.swift */; };
		633A765E2897DF480046C8E8 /* WateringCanTheme.swift in Sources */ = {isa = PBXBuildFile; fileRef = 633A765D2897DF480046C8E8 /* WateringCanTheme.swift */; };
		635234F828A11C1700DAC254 /* GameScene.swift in Sources */ = {isa = PBXBuildFile; fileRef = 635234F728A11C1700DAC254 /* GameScene.swift */; };
		635234FA28A1247400DAC254 /* FruitsData.swift in Sources */ = {isa = PBXBuildFile; fileRef = 635234F928A1247400DAC254 /* FruitsData.swift */; };
		635234FC28A2549300DAC254 /* GardensData.swift in Sources */ = {isa = PBXBuildFile; fileRef = 635234FB28A2549300DAC254 /* GardensData.swift */; };
		635234FE28A2880400DAC254 /* SellBottleController.swift in Sources */ = {isa = PBXBuildFile; fileRef = 635234FD28A2880400DAC254 /* SellBottleController.swift */; };
		6352350028A28DD600DAC254 /* BuyGardenController.swift in Sources */ = {isa = PBXBuildFile; fileRef = 635234FF28A28DD600DAC254 /* BuyGardenController.swift */; };
		6352350328A3CB9D00DAC254 /* GoogleService-Info.plist in Resources */ = {isa = PBXBuildFile; fileRef = 6352350228A3CB9D00DAC254 /* GoogleService-Info.plist */; };
		6352350828A5226100DAC254 /* AppDelegate.swift in Sources */ = {isa = PBXBuildFile; fileRef = 6352350628A5226100DAC254 /* AppDelegate.swift */; };
		6352350A28A62E2200DAC254 /* afdevkey.plist in Resources */ = {isa = PBXBuildFile; fileRef = 6352350928A62E2100DAC254 /* afdevkey.plist */; };
		6352350C28A633FC00DAC254 /* Constants.swift in Sources */ = {isa = PBXBuildFile; fileRef = 6352350B28A633FC00DAC254 /* Constants.swift */; };
		6352350E28A6344000DAC254 /* GoogleAdsManager.swift in Sources */ = {isa = PBXBuildFile; fileRef = 6352350D28A6343F00DAC254 /* GoogleAdsManager.swift */; };
		8B243067DEA4C19E20FBEFFC /* Pods_Splinu.framework in Frameworks */ = {isa = PBXBuildFile; fileRef = 9DEA323BEA2D1831FB63B59B /* Pods_Splinu.framework */; };
		9FCC63AB2915626700DD0403 /* PrivacyPolicyViewController.swift in Sources */ = {isa = PBXBuildFile; fileRef = 9FCC63AA2915626700DD0403 /* PrivacyPolicyViewController.swift */; };
/* End PBXBuildFile section */

/* Begin PBXFileReference section */
		633A760A288EBA000046C8E8 /* Splinu.app */ = {isa = PBXFileReference; explicitFileType = wrapper.application; includeInIndex = 0; path = Splinu.app; sourceTree = BUILT_PRODUCTS_DIR; };
		633A760F288EBA000046C8E8 /* SceneDelegate.swift */ = {isa = PBXFileReference; lastKnownFileType = sourcecode.swift; path = SceneDelegate.swift; sourceTree = "<group>"; };
		633A7614288EBA000046C8E8 /* Base */ = {isa = PBXFileReference; lastKnownFileType = file.storyboard; name = Base; path = Base.lproj/Main.storyboard; sourceTree = "<group>"; };
		633A7616288EBA020046C8E8 /* Assets.xcassets */ = {isa = PBXFileReference; lastKnownFileType = folder.assetcatalog; path = Assets.xcassets; sourceTree = "<group>"; };
		633A7619288EBA020046C8E8 /* Base */ = {isa = PBXFileReference; lastKnownFileType = file.storyboard; name = Base; path = Base.lproj/LaunchScreen.storyboard; sourceTree = "<group>"; };
		633A761B288EBA020046C8E8 /* Info.plist */ = {isa = PBXFileReference; lastKnownFileType = text.plist.xml; path = Info.plist; sourceTree = "<group>"; };
		633A7622288EBA210046C8E8 /* BonusEffect.sks */ = {isa = PBXFileReference; lastKnownFileType = file.sks; path = BonusEffect.sks; sourceTree = "<group>"; };
		633A7623288EBA210046C8E8 /* BubbleEffect.sks */ = {isa = PBXFileReference; lastKnownFileType = file.sks; path = BubbleEffect.sks; sourceTree = "<group>"; };
		633A7624288EBA210046C8E8 /* WateringEffect.sks */ = {isa = PBXFileReference; lastKnownFileType = file.sks; path = WateringEffect.sks; sourceTree = "<group>"; };
		633A7625288EBA210046C8E8 /* Assets.xcassets */ = {isa = PBXFileReference; lastKnownFileType = folder.assetcatalog; path = Assets.xcassets; sourceTree = "<group>"; };
		633A762B288EBA300046C8E8 /* waterDrop.wav */ = {isa = PBXFileReference; lastKnownFileType = audio.wav; path = waterDrop.wav; sourceTree = "<group>"; };
		633A762C288EBA300046C8E8 /* backgroundMusic.wav */ = {isa = PBXFileReference; lastKnownFileType = audio.wav; path = backgroundMusic.wav; sourceTree = "<group>"; };
		633A762D288EBA300046C8E8 /* popBubble.wav */ = {isa = PBXFileReference; lastKnownFileType = audio.wav; path = popBubble.wav; sourceTree = "<group>"; };
		633A762E288EBA300046C8E8 /* waterDrop1.wav */ = {isa = PBXFileReference; lastKnownFileType = audio.wav; path = waterDrop1.wav; sourceTree = "<group>"; };
		633A762F288EBA310046C8E8 /* coin_win_notification.wav */ = {isa = PBXFileReference; lastKnownFileType = audio.wav; path = coin_win_notification.wav; sourceTree = "<group>"; };
		633A7636288EBA460046C8E8 /* GameViewController.swift */ = {isa = PBXFileReference; fileEncoding = 4; lastKnownFileType = sourcecode.swift; path = GameViewController.swift; sourceTree = "<group>"; };
		633A7637288EBA460046C8E8 /* StartViewController.swift */ = {isa = PBXFileReference; fileEncoding = 4; lastKnownFileType = sourcecode.swift; path = StartViewController.swift; sourceTree = "<group>"; };
		633A7638288EBA460046C8E8 /* ShopViewController.swift */ = {isa = PBXFileReference; fileEncoding = 4; lastKnownFileType = sourcecode.swift; path = ShopViewController.swift; sourceTree = "<group>"; };
		633A763D288EBA560046C8E8 /* SoundManager.swift */ = {isa = PBXFileReference; fileEncoding = 4; lastKnownFileType = sourcecode.swift; path = SoundManager.swift; sourceTree = "<group>"; };
		633A763E288EBA560046C8E8 /* Mode.swift */ = {isa = PBXFileReference; fileEncoding = 4; lastKnownFileType = sourcecode.swift; path = Mode.swift; sourceTree = "<group>"; };
		633A7640288EBA560046C8E8 /* TreeTheme.swift */ = {isa = PBXFileReference; fileEncoding = 4; lastKnownFileType = sourcecode.swift; path = TreeTheme.swift; sourceTree = "<group>"; };
		633A7641288EBA560046C8E8 /* Coins.swift */ = {isa = PBXFileReference; fileEncoding = 4; lastKnownFileType = sourcecode.swift; path = Coins.swift; sourceTree = "<group>"; };
		633A7642288EBA560046C8E8 /* BottleTheme.swift */ = {isa = PBXFileReference; fileEncoding = 4; lastKnownFileType = sourcecode.swift; path = BottleTheme.swift; sourceTree = "<group>"; };
		633A7643288EBA560046C8E8 /* HighScore.swift */ = {isa = PBXFileReference; fileEncoding = 4; lastKnownFileType = sourcecode.swift; path = HighScore.swift; sourceTree = "<group>"; };
		633A7644288EBA560046C8E8 /* Base.swift */ = {isa = PBXFileReference; fileEncoding = 4; lastKnownFileType = sourcecode.swift; path = Base.swift; sourceTree = "<group>"; };
		633A764D288EBA610046C8E8 /* Bottle.swift */ = {isa = PBXFileReference; fileEncoding = 4; lastKnownFileType = sourcecode.swift; path = Bottle.swift; sourceTree = "<group>"; };
		633A764E288EBA610046C8E8 /* ProgressBar.swift */ = {isa = PBXFileReference; fileEncoding = 4; lastKnownFileType = sourcecode.swift; path = ProgressBar.swift; sourceTree = "<group>"; };
		633A764F288EBA610046C8E8 /* Textures.swift */ = {isa = PBXFileReference; fileEncoding = 4; lastKnownFileType = sourcecode.swift; path = Textures.swift; sourceTree = "<group>"; };
		633A7650288EBA610046C8E8 /* Tree.swift */ = {isa = PBXFileReference; fileEncoding = 4; lastKnownFileType = sourcecode.swift; path = Tree.swift; sourceTree = "<group>"; };
		633A7651288EBA610046C8E8 /* Drop.swift */ = {isa = PBXFileReference; fileEncoding = 4; lastKnownFileType = sourcecode.swift; path = Drop.swift; sourceTree = "<group>"; };
		633A7657288FEA5B0046C8E8 /* GardensViewController.swift */ = {isa = PBXFileReference; lastKnownFileType = sourcecode.swift; path = GardensViewController.swift; sourceTree = "<group>"; };
		633A7659288FEAA60046C8E8 /* InfoViewController.swift */ = {isa = PBXFileReference; fileEncoding = 4; lastKnownFileType = sourcecode.swift; path = InfoViewController.swift; sourceTree = "<group>"; };
		633A765B288FEB530046C8E8 /* FactoryViewController.swift */ = {isa = PBXFileReference; lastKnownFileType = sourcecode.swift; path = FactoryViewController.swift; sourceTree = "<group>"; };
		633A765D2897DF480046C8E8 /* WateringCanTheme.swift */ = {isa = PBXFileReference; lastKnownFileType = sourcecode.swift; path = WateringCanTheme.swift; sourceTree = "<group>"; };
		635234F728A11C1700DAC254 /* GameScene.swift */ = {isa = PBXFileReference; fileEncoding = 4; lastKnownFileType = sourcecode.swift; path = GameScene.swift; sourceTree = "<group>"; };
		635234F928A1247400DAC254 /* FruitsData.swift */ = {isa = PBXFileReference; lastKnownFileType = sourcecode.swift; path = FruitsData.swift; sourceTree = "<group>"; };
		635234FB28A2549300DAC254 /* GardensData.swift */ = {isa = PBXFileReference; lastKnownFileType = sourcecode.swift; path = GardensData.swift; sourceTree = "<group>"; };
		635234FD28A2880400DAC254 /* SellBottleController.swift */ = {isa = PBXFileReference; lastKnownFileType = sourcecode.swift; path = SellBottleController.swift; sourceTree = "<group>"; };
		635234FF28A28DD600DAC254 /* BuyGardenController.swift */ = {isa = PBXFileReference; lastKnownFileType = sourcecode.swift; path = BuyGardenController.swift; sourceTree = "<group>"; };
		6352350128A3CAF900DAC254 /* Splinu.entitlements */ = {isa = PBXFileReference; lastKnownFileType = text.plist.entitlements; path = Splinu.entitlements; sourceTree = "<group>"; };
		6352350228A3CB9D00DAC254 /* GoogleService-Info.plist */ = {isa = PBXFileReference; fileEncoding = 4; lastKnownFileType = text.plist.xml; path = "GoogleService-Info.plist"; sourceTree = "<group>"; };
		6352350628A5226100DAC254 /* AppDelegate.swift */ = {isa = PBXFileReference; fileEncoding = 4; lastKnownFileType = sourcecode.swift; path = AppDelegate.swift; sourceTree = "<group>"; };
		6352350928A62E2100DAC254 /* afdevkey.plist */ = {isa = PBXFileReference; fileEncoding = 4; lastKnownFileType = text.plist.xml; path = afdevkey.plist; sourceTree = "<group>"; };
		6352350B28A633FC00DAC254 /* Constants.swift */ = {isa = PBXFileReference; fileEncoding = 4; lastKnownFileType = sourcecode.swift; path = Constants.swift; sourceTree = "<group>"; };
		6352350D28A6343F00DAC254 /* GoogleAdsManager.swift */ = {isa = PBXFileReference; fileEncoding = 4; lastKnownFileType = sourcecode.swift; path = GoogleAdsManager.swift; sourceTree = "<group>"; };
		9DEA323BEA2D1831FB63B59B /* Pods_Splinu.framework */ = {isa = PBXFileReference; explicitFileType = wrapper.framework; includeInIndex = 0; path = Pods_Splinu.framework; sourceTree = BUILT_PRODUCTS_DIR; };
		9FCC63AA2915626700DD0403 /* PrivacyPolicyViewController.swift */ = {isa = PBXFileReference; lastKnownFileType = sourcecode.swift; path = PrivacyPolicyViewController.swift; sourceTree = "<group>"; };
		D40C8C19753963F1477F5789 /* Pods-Splinu.release.xcconfig */ = {isa = PBXFileReference; includeInIndex = 1; lastKnownFileType = text.xcconfig; name = "Pods-Splinu.release.xcconfig"; path = "Target Support Files/Pods-Splinu/Pods-Splinu.release.xcconfig"; sourceTree = "<group>"; };
		D60D2FDA8985916ED3E71767 /* Pods-Splinu.debug.xcconfig */ = {isa = PBXFileReference; includeInIndex = 1; lastKnownFileType = text.xcconfig; name = "Pods-Splinu.debug.xcconfig"; path = "Target Support Files/Pods-Splinu/Pods-Splinu.debug.xcconfig"; sourceTree = "<group>"; };
/* End PBXFileReference section */

/* Begin PBXFrameworksBuildPhase section */
		633A7607288EBA000046C8E8 /* Frameworks */ = {
			isa = PBXFrameworksBuildPhase;
			buildActionMask = 2147483647;
			files = (
				8B243067DEA4C19E20FBEFFC /* Pods_Splinu.framework in Frameworks */,
			);
			runOnlyForDeploymentPostprocessing = 0;
		};
/* End PBXFrameworksBuildPhase section */

/* Begin PBXGroup section */
		09D90125C003B011197DF831 /* Pods */ = {
			isa = PBXGroup;
			children = (
				D60D2FDA8985916ED3E71767 /* Pods-Splinu.debug.xcconfig */,
				D40C8C19753963F1477F5789 /* Pods-Splinu.release.xcconfig */,
			);
			path = Pods;
			sourceTree = "<group>";
		};
		35B3DDA2BA9459B7ED8F5B5B /* Frameworks */ = {
			isa = PBXGroup;
			children = (
				9DEA323BEA2D1831FB63B59B /* Pods_Splinu.framework */,
			);
			name = Frameworks;
			sourceTree = "<group>";
		};
		633A7601288EBA000046C8E8 = {
			isa = PBXGroup;
			children = (
				633A760C288EBA000046C8E8 /* Splinu */,
				633A760B288EBA000046C8E8 /* Products */,
				09D90125C003B011197DF831 /* Pods */,
				35B3DDA2BA9459B7ED8F5B5B /* Frameworks */,
			);
			sourceTree = "<group>";
		};
		633A760B288EBA000046C8E8 /* Products */ = {
			isa = PBXGroup;
			children = (
				633A760A288EBA000046C8E8 /* Splinu.app */,
			);
			name = Products;
			sourceTree = "<group>";
		};
		633A760C288EBA000046C8E8 /* Splinu */ = {
			isa = PBXGroup;
			children = (
				6352350928A62E2100DAC254 /* afdevkey.plist */,
				633A761B288EBA020046C8E8 /* Info.plist */,
				6352350228A3CB9D00DAC254 /* GoogleService-Info.plist */,
				6352350128A3CAF900DAC254 /* Splinu.entitlements */,
				6352350428A5226100DAC254 /* Helpers */,
				633A7621288EBA210046C8E8 /* ParticleEmitters */,
				633A762A288EBA300046C8E8 /* Sounds */,
				633A7635288EBA460046C8E8 /* Controllers */,
				633A763C288EBA560046C8E8 /* Services */,
				633A764C288EBA610046C8E8 /* Sprites */,
				635234F728A11C1700DAC254 /* GameScene.swift */,
				633A760F288EBA000046C8E8 /* SceneDelegate.swift */,
				633A7613288EBA000046C8E8 /* Main.storyboard */,
				633A7616288EBA020046C8E8 /* Assets.xcassets */,
				633A7618288EBA020046C8E8 /* LaunchScreen.storyboard */,
			);
			path = Splinu;
			sourceTree = "<group>";
		};
		633A7621288EBA210046C8E8 /* ParticleEmitters */ = {
			isa = PBXGroup;
			children = (
				633A7622288EBA210046C8E8 /* BonusEffect.sks */,
				633A7623288EBA210046C8E8 /* BubbleEffect.sks */,
				633A7624288EBA210046C8E8 /* WateringEffect.sks */,
				633A7625288EBA210046C8E8 /* Assets.xcassets */,
			);
			path = ParticleEmitters;
			sourceTree = "<group>";
		};
		633A762A288EBA300046C8E8 /* Sounds */ = {
			isa = PBXGroup;
			children = (
				633A762B288EBA300046C8E8 /* waterDrop.wav */,
				633A762C288EBA300046C8E8 /* backgroundMusic.wav */,
				633A762D288EBA300046C8E8 /* popBubble.wav */,
				633A762E288EBA300046C8E8 /* waterDrop1.wav */,
				633A762F288EBA310046C8E8 /* coin_win_notification.wav */,
			);
			path = Sounds;
			sourceTree = "<group>";
		};
		633A7635288EBA460046C8E8 /* Controllers */ = {
			isa = PBXGroup;
			children = (
				633A7636288EBA460046C8E8 /* GameViewController.swift */,
				633A7659288FEAA60046C8E8 /* InfoViewController.swift */,
				633A7637288EBA460046C8E8 /* StartViewController.swift */,
				633A7638288EBA460046C8E8 /* ShopViewController.swift */,
				633A7657288FEA5B0046C8E8 /* GardensViewController.swift */,
				9FCC63AA2915626700DD0403 /* PrivacyPolicyViewController.swift */,
				633A765B288FEB530046C8E8 /* FactoryViewController.swift */,
				635234FD28A2880400DAC254 /* SellBottleController.swift */,
				635234FF28A28DD600DAC254 /* BuyGardenController.swift */,
			);
			path = Controllers;
			sourceTree = "<group>";
		};
		633A763C288EBA560046C8E8 /* Services */ = {
			isa = PBXGroup;
			children = (
				633A763D288EBA560046C8E8 /* SoundManager.swift */,
				633A763E288EBA560046C8E8 /* Mode.swift */,
				633A763F288EBA560046C8E8 /* Shop */,
				633A7643288EBA560046C8E8 /* HighScore.swift */,
				633A7644288EBA560046C8E8 /* Base.swift */,
				635234F928A1247400DAC254 /* FruitsData.swift */,
				635234FB28A2549300DAC254 /* GardensData.swift */,
			);
			path = Services;
			sourceTree = "<group>";
		};
		633A763F288EBA560046C8E8 /* Shop */ = {
			isa = PBXGroup;
			children = (
				633A7640288EBA560046C8E8 /* TreeTheme.swift */,
				633A7641288EBA560046C8E8 /* Coins.swift */,
				633A7642288EBA560046C8E8 /* BottleTheme.swift */,
				633A765D2897DF480046C8E8 /* WateringCanTheme.swift */,
			);
			path = Shop;
			sourceTree = "<group>";
		};
		633A764C288EBA610046C8E8 /* Sprites */ = {
			isa = PBXGroup;
			children = (
				633A764D288EBA610046C8E8 /* Bottle.swift */,
				633A764E288EBA610046C8E8 /* ProgressBar.swift */,
				633A764F288EBA610046C8E8 /* Textures.swift */,
				633A7650288EBA610046C8E8 /* Tree.swift */,
				633A7651288EBA610046C8E8 /* Drop.swift */,
			);
			path = Sprites;
			sourceTree = "<group>";
		};
		6352350428A5226100DAC254 /* Helpers */ = {
			isa = PBXGroup;
			children = (
				6352350B28A633FC00DAC254 /* Constants.swift */,
				6352350D28A6343F00DAC254 /* GoogleAdsManager.swift */,
				6352350628A5226100DAC254 /* AppDelegate.swift */,
			);
			path = Helpers;
			sourceTree = "<group>";
		};
/* End PBXGroup section */

/* Begin PBXNativeTarget section */
		633A7609288EBA000046C8E8 /* Splinu */ = {
			isa = PBXNativeTarget;
			buildConfigurationList = 633A761E288EBA020046C8E8 /* Build configuration list for PBXNativeTarget "Splinu" */;
			buildPhases = (
				CF46E269AE713B946651B655 /* [CP] Check Pods Manifest.lock */,
				633A7606288EBA000046C8E8 /* Sources */,
				633A7607288EBA000046C8E8 /* Frameworks */,
				633A7608288EBA000046C8E8 /* Resources */,
				AF9EBBC53CE3D2925542058D /* [CP] Embed Pods Frameworks */,
			);
			buildRules = (
			);
			dependencies = (
			);
			name = Splinu;
			productName = JuiceFaactory;
			productReference = 633A760A288EBA000046C8E8 /* Splinu.app */;
			productType = "com.apple.product-type.application";
		};
/* End PBXNativeTarget section */

/* Begin PBXProject section */
		633A7602288EBA000046C8E8 /* Project object */ = {
			isa = PBXProject;
			attributes = {
				BuildIndependentTargetsInParallel = 1;
				LastSwiftUpdateCheck = 1340;
				LastUpgradeCheck = 1340;
				TargetAttributes = {
					633A7609288EBA000046C8E8 = {
						CreatedOnToolsVersion = 13.4.1;
					};
				};
			};
			buildConfigurationList = 633A7605288EBA000046C8E8 /* Build configuration list for PBXProject "Splinu" */;
			compatibilityVersion = "Xcode 13.0";
			developmentRegion = en;
			hasScannedForEncodings = 0;
			knownRegions = (
				en,
				Base,
			);
			mainGroup = 633A7601288EBA000046C8E8;
			productRefGroup = 633A760B288EBA000046C8E8 /* Products */;
			projectDirPath = "";
			projectRoot = "";
			targets = (
				633A7609288EBA000046C8E8 /* Splinu */,
			);
		};
/* End PBXProject section */

/* Begin PBXResourcesBuildPhase section */
		633A7608288EBA000046C8E8 /* Resources */ = {
			isa = PBXResourcesBuildPhase;
			buildActionMask = 2147483647;
			files = (
				6352350328A3CB9D00DAC254 /* GoogleService-Info.plist in Resources */,
				6352350A28A62E2200DAC254 /* afdevkey.plist in Resources */,
				633A7628288EBA210046C8E8 /* WateringEffect.sks in Resources */,
				633A7634288EBA310046C8E8 /* coin_win_notification.wav in Resources */,
				633A7633288EBA310046C8E8 /* waterDrop1.wav in Resources */,
				633A7630288EBA310046C8E8 /* waterDrop.wav in Resources */,
				633A761A288EBA020046C8E8 /* LaunchScreen.storyboard in Resources */,
				633A7617288EBA020046C8E8 /* Assets.xcassets in Resources */,
				633A7626288EBA210046C8E8 /* BonusEffect.sks in Resources */,
				633A7629288EBA210046C8E8 /* Assets.xcassets in Resources */,
				633A7632288EBA310046C8E8 /* popBubble.wav in Resources */,
				633A7615288EBA000046C8E8 /* Main.storyboard in Resources */,
				633A7627288EBA210046C8E8 /* BubbleEffect.sks in Resources */,
				633A7631288EBA310046C8E8 /* backgroundMusic.wav in Resources */,
			);
			runOnlyForDeploymentPostprocessing = 0;
		};
/* End PBXResourcesBuildPhase section */

/* Begin PBXShellScriptBuildPhase section */
		AF9EBBC53CE3D2925542058D /* [CP] Embed Pods Frameworks */ = {
			isa = PBXShellScriptBuildPhase;
			buildActionMask = 2147483647;
			files = (
			);
			inputFileListPaths = (
				"${PODS_ROOT}/Target Support Files/Pods-Splinu/Pods-Splinu-frameworks-${CONFIGURATION}-input-files.xcfilelist",
			);
			name = "[CP] Embed Pods Frameworks";
			outputFileListPaths = (
				"${PODS_ROOT}/Target Support Files/Pods-Splinu/Pods-Splinu-frameworks-${CONFIGURATION}-output-files.xcfilelist",
			);
			runOnlyForDeploymentPostprocessing = 0;
			shellPath = /bin/sh;
			shellScript = "\"${PODS_ROOT}/Target Support Files/Pods-Splinu/Pods-Splinu-frameworks.sh\"\n";
			showEnvVarsInLog = 0;
		};
		CF46E269AE713B946651B655 /* [CP] Check Pods Manifest.lock */ = {
			isa = PBXShellScriptBuildPhase;
			buildActionMask = 2147483647;
			files = (
			);
			inputFileListPaths = (
			);
			inputPaths = (
				"${PODS_PODFILE_DIR_PATH}/Podfile.lock",
				"${PODS_ROOT}/Manifest.lock",
			);
			name = "[CP] Check Pods Manifest.lock";
			outputFileListPaths = (
			);
			outputPaths = (
				"$(DERIVED_FILE_DIR)/Pods-Splinu-checkManifestLockResult.txt",
			);
			runOnlyForDeploymentPostprocessing = 0;
			shellPath = /bin/sh;
			shellScript = "diff \"${PODS_PODFILE_DIR_PATH}/Podfile.lock\" \"${PODS_ROOT}/Manifest.lock\" > /dev/null\nif [ $? != 0 ] ; then\n    # print error to STDERR\n    echo \"error: The sandbox is not in sync with the Podfile.lock. Run 'pod install' or update your CocoaPods installation.\" >&2\n    exit 1\nfi\n# This output is used by Xcode 'outputs' to avoid re-running this script phase.\necho \"SUCCESS\" > \"${SCRIPT_OUTPUT_FILE_0}\"\n";
			showEnvVarsInLog = 0;
		};
/* End PBXShellScriptBuildPhase section */

/* Begin PBXSourcesBuildPhase section */
		633A7606288EBA000046C8E8 /* Sources */ = {
			isa = PBXSourcesBuildPhase;
			buildActionMask = 2147483647;
			files = (
				633A763A288EBA460046C8E8 /* StartViewController.swift in Sources */,
				633A7649288EBA560046C8E8 /* BottleTheme.swift in Sources */,
				633A7639288EBA460046C8E8 /* GameViewController.swift in Sources */,
				633A7646288EBA560046C8E8 /* Mode.swift in Sources */,
				6352350828A5226100DAC254 /* AppDelegate.swift in Sources */,
				633A765E2897DF480046C8E8 /* WateringCanTheme.swift in Sources */,
				633A763B288EBA460046C8E8 /* ShopViewController.swift in Sources */,
				633A764B288EBA560046C8E8 /* Base.swift in Sources */,
				635234FA28A1247400DAC254 /* FruitsData.swift in Sources */,
				633A7655288EBA610046C8E8 /* Tree.swift in Sources */,
				633A7647288EBA560046C8E8 /* TreeTheme.swift in Sources */,
				633A765C288FEB530046C8E8 /* FactoryViewController.swift in Sources */,
				633A7658288FEA5B0046C8E8 /* GardensViewController.swift in Sources */,
				633A7645288EBA560046C8E8 /* SoundManager.swift in Sources */,
				633A7648288EBA560046C8E8 /* Coins.swift in Sources */,
				6352350028A28DD600DAC254 /* BuyGardenController.swift in Sources */,
				633A764A288EBA560046C8E8 /* HighScore.swift in Sources */,
				6352350E28A6344000DAC254 /* GoogleAdsManager.swift in Sources */,
				635234FE28A2880400DAC254 /* SellBottleController.swift in Sources */,
				633A7610288EBA000046C8E8 /* SceneDelegate.swift in Sources */,
				635234F828A11C1700DAC254 /* GameScene.swift in Sources */,
				635234FC28A2549300DAC254 /* GardensData.swift in Sources */,
				633A7656288EBA610046C8E8 /* Drop.swift in Sources */,
				633A7654288EBA610046C8E8 /* Textures.swift in Sources */,
				9FCC63AB2915626700DD0403 /* PrivacyPolicyViewController.swift in Sources */,
				633A7653288EBA610046C8E8 /* ProgressBar.swift in Sources */,
				633A7652288EBA610046C8E8 /* Bottle.swift in Sources */,
				633A765A288FEAA60046C8E8 /* InfoViewController.swift in Sources */,
				6352350C28A633FC00DAC254 /* Constants.swift in Sources */,
			);
			runOnlyForDeploymentPostprocessing = 0;
		};
/* End PBXSourcesBuildPhase section */

/* Begin PBXVariantGroup section */
		633A7613288EBA000046C8E8 /* Main.storyboard */ = {
			isa = PBXVariantGroup;
			children = (
				633A7614288EBA000046C8E8 /* Base */,
			);
			name = Main.storyboard;
			sourceTree = "<group>";
		};
		633A7618288EBA020046C8E8 /* LaunchScreen.storyboard */ = {
			isa = PBXVariantGroup;
			children = (
				633A7619288EBA020046C8E8 /* Base */,
			);
			name = LaunchScreen.storyboard;
			sourceTree = "<group>";
		};
/* End PBXVariantGroup section */

/* Begin XCBuildConfiguration section */
		633A761C288EBA020046C8E8 /* Debug */ = {
			isa = XCBuildConfiguration;
			buildSettings = {
				ALWAYS_SEARCH_USER_PATHS = NO;
				CLANG_ANALYZER_NONNULL = YES;
				CLANG_ANALYZER_NUMBER_OBJECT_CONVERSION = YES_AGGRESSIVE;
				CLANG_CXX_LANGUAGE_STANDARD = "gnu++17";
				CLANG_ENABLE_MODULES = YES;
				CLANG_ENABLE_OBJC_ARC = YES;
				CLANG_ENABLE_OBJC_WEAK = YES;
				CLANG_WARN_BLOCK_CAPTURE_AUTORELEASING = YES;
				CLANG_WARN_BOOL_CONVERSION = YES;
				CLANG_WARN_COMMA = YES;
				CLANG_WARN_CONSTANT_CONVERSION = YES;
				CLANG_WARN_DEPRECATED_OBJC_IMPLEMENTATIONS = YES;
				CLANG_WARN_DIRECT_OBJC_ISA_USAGE = YES_ERROR;
				CLANG_WARN_DOCUMENTATION_COMMENTS = YES;
				CLANG_WARN_EMPTY_BODY = YES;
				CLANG_WARN_ENUM_CONVERSION = YES;
				CLANG_WARN_INFINITE_RECURSION = YES;
				CLANG_WARN_INT_CONVERSION = YES;
				CLANG_WARN_NON_LITERAL_NULL_CONVERSION = YES;
				CLANG_WARN_OBJC_IMPLICIT_RETAIN_SELF = YES;
				CLANG_WARN_OBJC_LITERAL_CONVERSION = YES;
				CLANG_WARN_OBJC_ROOT_CLASS = YES_ERROR;
				CLANG_WARN_QUOTED_INCLUDE_IN_FRAMEWORK_HEADER = YES;
				CLANG_WARN_RANGE_LOOP_ANALYSIS = YES;
				CLANG_WARN_STRICT_PROTOTYPES = YES;
				CLANG_WARN_SUSPICIOUS_MOVE = YES;
				CLANG_WARN_UNGUARDED_AVAILABILITY = YES_AGGRESSIVE;
				CLANG_WARN_UNREACHABLE_CODE = YES;
				CLANG_WARN__DUPLICATE_METHOD_MATCH = YES;
				COPY_PHASE_STRIP = NO;
				DEBUG_INFORMATION_FORMAT = dwarf;
				ENABLE_STRICT_OBJC_MSGSEND = YES;
				ENABLE_TESTABILITY = YES;
				GCC_C_LANGUAGE_STANDARD = gnu11;
				GCC_DYNAMIC_NO_PIC = NO;
				GCC_NO_COMMON_BLOCKS = YES;
				GCC_OPTIMIZATION_LEVEL = 0;
				GCC_PREPROCESSOR_DEFINITIONS = (
					"DEBUG=1",
					"$(inherited)",
				);
				GCC_WARN_64_TO_32_BIT_CONVERSION = YES;
				GCC_WARN_ABOUT_RETURN_TYPE = YES_ERROR;
				GCC_WARN_UNDECLARED_SELECTOR = YES;
				GCC_WARN_UNINITIALIZED_AUTOS = YES_AGGRESSIVE;
				GCC_WARN_UNUSED_FUNCTION = YES;
				GCC_WARN_UNUSED_VARIABLE = YES;
				IPHONEOS_DEPLOYMENT_TARGET = 13.0;
				MTL_ENABLE_DEBUG_INFO = INCLUDE_SOURCE;
				MTL_FAST_MATH = YES;
				ONLY_ACTIVE_ARCH = YES;
				SDKROOT = iphoneos;
				SWIFT_ACTIVE_COMPILATION_CONDITIONS = DEBUG;
				SWIFT_OPTIMIZATION_LEVEL = "-Onone";
			};
			name = Debug;
		};
		633A761D288EBA020046C8E8 /* Release */ = {
			isa = XCBuildConfiguration;
			buildSettings = {
				ALWAYS_SEARCH_USER_PATHS = NO;
				CLANG_ANALYZER_NONNULL = YES;
				CLANG_ANALYZER_NUMBER_OBJECT_CONVERSION = YES_AGGRESSIVE;
				CLANG_CXX_LANGUAGE_STANDARD = "gnu++17";
				CLANG_ENABLE_MODULES = YES;
				CLANG_ENABLE_OBJC_ARC = YES;
				CLANG_ENABLE_OBJC_WEAK = YES;
				CLANG_WARN_BLOCK_CAPTURE_AUTORELEASING = YES;
				CLANG_WARN_BOOL_CONVERSION = YES;
				CLANG_WARN_COMMA = YES;
				CLANG_WARN_CONSTANT_CONVERSION = YES;
				CLANG_WARN_DEPRECATED_OBJC_IMPLEMENTATIONS = YES;
				CLANG_WARN_DIRECT_OBJC_ISA_USAGE = YES_ERROR;
				CLANG_WARN_DOCUMENTATION_COMMENTS = YES;
				CLANG_WARN_EMPTY_BODY = YES;
				CLANG_WARN_ENUM_CONVERSION = YES;
				CLANG_WARN_INFINITE_RECURSION = YES;
				CLANG_WARN_INT_CONVERSION = YES;
				CLANG_WARN_NON_LITERAL_NULL_CONVERSION = YES;
				CLANG_WARN_OBJC_IMPLICIT_RETAIN_SELF = YES;
				CLANG_WARN_OBJC_LITERAL_CONVERSION = YES;
				CLANG_WARN_OBJC_ROOT_CLASS = YES_ERROR;
				CLANG_WARN_QUOTED_INCLUDE_IN_FRAMEWORK_HEADER = YES;
				CLANG_WARN_RANGE_LOOP_ANALYSIS = YES;
				CLANG_WARN_STRICT_PROTOTYPES = YES;
				CLANG_WARN_SUSPICIOUS_MOVE = YES;
				CLANG_WARN_UNGUARDED_AVAILABILITY = YES_AGGRESSIVE;
				CLANG_WARN_UNREACHABLE_CODE = YES;
				CLANG_WARN__DUPLICATE_METHOD_MATCH = YES;
				COPY_PHASE_STRIP = NO;
				DEBUG_INFORMATION_FORMAT = "dwarf-with-dsym";
				ENABLE_NS_ASSERTIONS = NO;
				ENABLE_STRICT_OBJC_MSGSEND = YES;
				GCC_C_LANGUAGE_STANDARD = gnu11;
				GCC_NO_COMMON_BLOCKS = YES;
				GCC_WARN_64_TO_32_BIT_CONVERSION = YES;
				GCC_WARN_ABOUT_RETURN_TYPE = YES_ERROR;
				GCC_WARN_UNDECLARED_SELECTOR = YES;
				GCC_WARN_UNINITIALIZED_AUTOS = YES_AGGRESSIVE;
				GCC_WARN_UNUSED_FUNCTION = YES;
				GCC_WARN_UNUSED_VARIABLE = YES;
				IPHONEOS_DEPLOYMENT_TARGET = 13.0;
				MTL_ENABLE_DEBUG_INFO = NO;
				MTL_FAST_MATH = YES;
				SDKROOT = iphoneos;
				SWIFT_COMPILATION_MODE = wholemodule;
				SWIFT_OPTIMIZATION_LEVEL = "-O";
				VALIDATE_PRODUCT = YES;
			};
			name = Release;
		};
		633A761F288EBA020046C8E8 /* Debug */ = {
			isa = XCBuildConfiguration;
			baseConfigurationReference = D60D2FDA8985916ED3E71767 /* Pods-Splinu.debug.xcconfig */;
			buildSettings = {
				ASSETCATALOG_COMPILER_APPICON_NAME = AppIcon;
				ASSETCATALOG_COMPILER_GLOBAL_ACCENT_COLOR_NAME = AccentColor;
				CODE_SIGN_ENTITLEMENTS = Splinu/Splinu.entitlements;
				CODE_SIGN_IDENTITY = "iPhone Distribution";
				CODE_SIGN_STYLE = Manual;
				CURRENT_PROJECT_VERSION = 2;
				DEVELOPMENT_TEAM = 3F6M5VDN9R;
				"DEVELOPMENT_TEAM[sdk=iphoneos*]" = 3F6M5VDN9R;
				GENERATE_INFOPLIST_FILE = YES;
				INFOPLIST_FILE = Splinu/Info.plist;
				INFOPLIST_KEY_NSUserTrackingUsageDescription = "Your data will only be used to deliver personalised ads to you.";
				INFOPLIST_KEY_UIApplicationSupportsIndirectInputEvents = YES;
				INFOPLIST_KEY_UILaunchStoryboardName = LaunchScreen;
				INFOPLIST_KEY_UIMainStoryboardFile = Main;
				INFOPLIST_KEY_UISupportedInterfaceOrientations = UIInterfaceOrientationPortrait;
				INFOPLIST_KEY_UISupportedInterfaceOrientations_iPad = UIInterfaceOrientationPortrait;
				INFOPLIST_KEY_UISupportedInterfaceOrientations_iPhone = UIInterfaceOrientationPortrait;
				IPHONEOS_DEPLOYMENT_TARGET = 14.0;
				LD_RUNPATH_SEARCH_PATHS = (
					"$(inherited)",
					"@executable_path/Frameworks",
				);
				MARKETING_VERSION = 2.0;
				PRODUCT_BUNDLE_IDENTIFIER = com.prokhasko.juicelivelihood;
				PRODUCT_NAME = "$(TARGET_NAME)";
				PROVISIONING_PROFILE_SPECIFIER = juiceLivelihoodProvisioningProfile;
				"PROVISIONING_PROFILE_SPECIFIER[sdk=iphoneos*]" = juiceLivelihoodProvisioningProfile;
				SWIFT_EMIT_LOC_STRINGS = YES;
				SWIFT_VERSION = 5.0;
				TARGETED_DEVICE_FAMILY = 1;
			};
			name = Debug;
		};
		633A7620288EBA020046C8E8 /* Release */ = {
			isa = XCBuildConfiguration;
			baseConfigurationReference = D40C8C19753963F1477F5789 /* Pods-Splinu.release.xcconfig */;
			buildSettings = {
				ASSETCATALOG_COMPILER_APPICON_NAME = AppIcon;
				ASSETCATALOG_COMPILER_GLOBAL_ACCENT_COLOR_NAME = AccentColor;
				CODE_SIGN_ENTITLEMENTS = Splinu/Splinu.entitlements;
				CODE_SIGN_IDENTITY = "iPhone Distribution";
				CODE_SIGN_STYLE = Manual;
				CURRENT_PROJECT_VERSION = 2;
				DEVELOPMENT_TEAM = 3F6M5VDN9R;
				"DEVELOPMENT_TEAM[sdk=iphoneos*]" = 3F6M5VDN9R;
				GENERATE_INFOPLIST_FILE = YES;
				INFOPLIST_FILE = Splinu/Info.plist;
				INFOPLIST_KEY_NSUserTrackingUsageDescription = "Your data will only be used to deliver personalised ads to you.";
				INFOPLIST_KEY_UIApplicationSupportsIndirectInputEvents = YES;
				INFOPLIST_KEY_UILaunchStoryboardName = LaunchScreen;
				INFOPLIST_KEY_UIMainStoryboardFile = Main;
				INFOPLIST_KEY_UISupportedInterfaceOrientations = UIInterfaceOrientationPortrait;
				INFOPLIST_KEY_UISupportedInterfaceOrientations_iPad = UIInterfaceOrientationPortrait;
				INFOPLIST_KEY_UISupportedInterfaceOrientations_iPhone = UIInterfaceOrientationPortrait;
				IPHONEOS_DEPLOYMENT_TARGET = 14.0;
				LD_RUNPATH_SEARCH_PATHS = (
					"$(inherited)",
					"@executable_path/Frameworks",
				);
				MARKETING_VERSION = 2.0;
				PRODUCT_BUNDLE_IDENTIFIER = com.prokhasko.juicelivelihood;
				PRODUCT_NAME = "$(TARGET_NAME)";
				PROVISIONING_PROFILE_SPECIFIER = juiceLivelihoodProvisioningProfile;
				"PROVISIONING_PROFILE_SPECIFIER[sdk=iphoneos*]" = juiceLivelihoodProvisioningProfile;
				SWIFT_EMIT_LOC_STRINGS = YES;
				SWIFT_VERSION = 5.0;
				TARGETED_DEVICE_FAMILY = 1;
			};
			name = Release;
		};
/* End XCBuildConfiguration section */

/* Begin XCConfigurationList section */
		633A7605288EBA000046C8E8 /* Build configuration list for PBXProject "Splinu" */ = {
			isa = XCConfigurationList;
			buildConfigurations = (
				633A761C288EBA020046C8E8 /* Debug */,
				633A761D288EBA020046C8E8 /* Release */,
			);
			defaultConfigurationIsVisible = 0;
			defaultConfigurationName = Release;
		};
		633A761E288EBA020046C8E8 /* Build configuration list for PBXNativeTarget "Splinu" */ = {
			isa = XCConfigurationList;
			buildConfigurations = (
				633A761F288EBA020046C8E8 /* Debug */,
				633A7620288EBA020046C8E8 /* Release */,
			);
			defaultConfigurationIsVisible = 0;
			defaultConfigurationName = Release;
		};
/* End XCConfigurationList section */
	};
	rootObject = 633A7602288EBA000046C8E8 /* Project object */;
}
